
Microsoft Visual Studio Solution File, Format Version 12.00
Project("{FAE04EC0-301F-11D3-BF4B-00C04F79EFBC}") = "Z3Wrap", "Z3Wrap\Z3Wrap.csproj", "{334CF6BD-C27A-46A4-8B1E-18AFDACA403D}"
EndProject
Project("{FAE04EC0-301F-11D3-BF4B-00C04F79EFBC}") = "Z3Wrap.Tests", "Z3Wrap.Tests\Z3Wrap.Tests.csproj", "{E5EA2C22-5273-4D69-9C31-9E4D0881F110}"
EndProject
Project("{2150E333-8FDC-42A3-9474-1A3956D46DE8}") = "misc", "misc", "{F82658D3-5722-43CA-BCBB-D1B9E28011A5}"
	ProjectSection(SolutionItems) = preProject
		CLAUDE.md = CLAUDE.md
		PLAN.md = PLAN.md
		PLAN_STRING_THEORY.md = PLAN_STRING_THEORY.md
		README.md = README.md
		CHANGELOG.md = CHANGELOG.md
		LICENSE = LICENSE
		Makefile = Makefile
		ANALYSIS.md = ANALYSIS.md
		STRING_EXAMPLES.md = STRING_EXAMPLES.md
	EndProjectSection
EndProject
Project("{2150E333-8FDC-42A3-9474-1A3956D46DE8}") = ".github", ".github", "{57C34814-857F-4D49-9E65-43A2B80B1DB5}"
EndProject
Project("{2150E333-8FDC-42A3-9474-1A3956D46DE8}") = "workflows", "workflows", "{C6907EBC-8C0D-46EF-801E-17A506DE70B6}"
	ProjectSection(SolutionItems) = preProject
		.github\workflows\ci.yml = .github\workflows\ci.yml
		.github\workflows\tag.yml = .github\workflows\tag.yml
		.github\workflows\publish.yml = .github\workflows\publish.yml
	EndProjectSection
EndProject
Project("{2150E333-8FDC-42A3-9474-1A3956D46DE8}") = "scripts", "scripts", "{75818AE1-5829-403C-A468-CEA764E7ED31}"
	ProjectSection(SolutionItems) = preProject
		scripts\tag.sh = scripts\tag.sh
		scripts\extract-notes.sh = scripts\extract-notes.sh
		scripts\coverage.sh = scripts\coverage.sh
		scripts\coverage.ps1 = scripts\coverage.ps1
		scripts\update-changelog.sh = scripts\update-changelog.sh
		scripts\generate_native_library.py = scripts\generate_native_library.py
		scripts\generate_library.py = scripts\generate_library.py
		scripts\doxygen_integration.py = scripts\doxygen_integration.py
	EndProjectSection
EndProject
Project("{2150E333-8FDC-42A3-9474-1A3956D46DE8}") = ".claude", ".claude", "{60E583E6-47DD-4B1C-83A5-69EF8FD863CA}"
EndProject
Project("{2150E333-8FDC-42A3-9474-1A3956D46DE8}") = "commands", "commands", "{7BC985E1-E18A-404C-9380-AF78A0FD7A57}"
	ProjectSection(SolutionItems) = preProject
		.claude\commands\changelog.md = .claude\commands\changelog.md
	EndProjectSection
EndProject
Global
	GlobalSection(SolutionConfigurationPlatforms) = preSolution
		Debug|Any CPU = Debug|Any CPU
		Release|Any CPU = Release|Any CPU
	EndGlobalSection
	GlobalSection(ProjectConfigurationPlatforms) = postSolution
		{334CF6BD-C27A-46A4-8B1E-18AFDACA403D}.Debug|Any CPU.ActiveCfg = Debug|Any CPU
		{334CF6BD-C27A-46A4-8B1E-18AFDACA403D}.Debug|Any CPU.Build.0 = Debug|Any CPU
		{334CF6BD-C27A-46A4-8B1E-18AFDACA403D}.Release|Any CPU.ActiveCfg = Release|Any CPU
		{334CF6BD-C27A-46A4-8B1E-18AFDACA403D}.Release|Any CPU.Build.0 = Release|Any CPU
		{E5EA2C22-5273-4D69-9C31-9E4D0881F110}.Debug|Any CPU.ActiveCfg = Debug|Any CPU
		{E5EA2C22-5273-4D69-9C31-9E4D0881F110}.Debug|Any CPU.Build.0 = Debug|Any CPU
		{E5EA2C22-5273-4D69-9C31-9E4D0881F110}.Release|Any CPU.ActiveCfg = Release|Any CPU
		{E5EA2C22-5273-4D69-9C31-9E4D0881F110}.Release|Any CPU.Build.0 = Release|Any CPU
	EndGlobalSection
	GlobalSection(NestedProjects) = preSolution
		{C6907EBC-8C0D-46EF-801E-17A506DE70B6} = {57C34814-857F-4D49-9E65-43A2B80B1DB5}
		{7BC985E1-E18A-404C-9380-AF78A0FD7A57} = {60E583E6-47DD-4B1C-83A5-69EF8FD863CA}
	EndGlobalSection
EndGlobal
