
Microsoft Visual Studio Solution File, Format Version 12.00
Project("{FAE04EC0-301F-11D3-BF4B-00C04F79EFBC}") = "Z3Wrap", "Z3Wrap\Z3Wrap.csproj", "{334CF6BD-C27A-46A4-8B1E-18AFDACA403D}"
EndProject
Project("{FAE04EC0-301F-11D3-BF4B-00C04F79EFBC}") = "Z3Wrap.Tests", "Z3Wrap.Tests\Z3Wrap.Tests.csproj", "{E5EA2C22-5273-4D69-9C31-9E4D0881F110}"
EndProject
Project("{2150E333-8FDC-42A3-9474-1A3956D46DE8}") = "misc", "misc", "{F82658D3-5722-43CA-BCBB-D1B9E28011A5}"
	ProjectSection(SolutionItems) = preProject
		CLAUDE.md = CLAUDE.md
		PLAN.md = PLAN.md
		README.md = README.md
		CHANGELOG.md = CHANGELOG.md
		LICENSE = LICENSE
		Makefile = Makefile
		ANALYSIS.md = ANALYSIS.md
		PLAN_NATIVE_ALL.md = PLAN_NATIVE_ALL.md
		PLAN_OPT.md = PLAN_OPT.md
		PLAN_NATIVELIBRARY_AUDIT.md = PLAN_NATIVELIBRARY_AUDIT.md
		COMPARISON_FloatingPoint.md = COMPARISON_FloatingPoint.md
		COMPARISON_Z3LIBRARY_NATIVE.md = COMPARISON_Z3LIBRARY_NATIVE.md
		PLAN_LIB.md = PLAN_LIB.md
		COMPARISON_BitVectors.md = COMPARISON_BitVectors.md
		COMPARISON_Expressions.md = COMPARISON_Expressions.md
		COMPARISON_Queries.md = COMPARISON_Queries.md
		COMPARISON_StringTheory.md = COMPARISON_StringTheory.md
		COMPARISON_AstCollections.md = COMPARISON_AstCollections.md
		COMPARISON_Parameters.md = COMPARISON_Parameters.md
		COMPARISON_Tactics.md = COMPARISON_Tactics.md
		COMPARISON_Datatypes.md = COMPARISON_Datatypes.md
		COMPARISON_Predicates.md = COMPARISON_Predicates.md
		COMPARISON_Arrays.md = COMPARISON_Arrays.md
		COMPARISON_FunctionInterpretations.md = COMPARISON_FunctionInterpretations.md
		COMPARISON_Model.md = COMPARISON_Model.md
		COMPARISON_Numerals.md = COMPARISON_Numerals.md
		COMPARISON_Parsing.md = COMPARISON_Parsing.md
		COMPARISON_Probes.md = COMPARISON_Probes.md
		COMPARISON_ReferenceCountingExtra.md = COMPARISON_ReferenceCountingExtra.md
		COMPARISON_Sets.md = COMPARISON_Sets.md
		COMPARISON_SolverExtensions.md = COMPARISON_SolverExtensions.md
		COMPARISON_Utilities.md = COMPARISON_Utilities.md
		COMPARISON_AlgebraicNumbers.md = COMPARISON_AlgebraicNumbers.md
		COMPARISON_Constraints.md = COMPARISON_Constraints.md
		COMPARISON_Context.md = COMPARISON_Context.md
		COMPARISON_ErrorHandling.md = COMPARISON_ErrorHandling.md
		COMPARISON_Functions.md = COMPARISON_Functions.md
		COMPARISON_Quantifiers.md = COMPARISON_Quantifiers.md
		COMPARISON_Simplifiers.md = COMPARISON_Simplifiers.md
		COMPARISON_Simplify.md = COMPARISON_Simplify.md
		COMPARISON_Solver.md = COMPARISON_Solver.md
		COMPARISON_SpecialTheories.md = COMPARISON_SpecialTheories.md
		COMPARISON_Statistics.md = COMPARISON_Statistics.md
		COMPARISON_Substitution.md = COMPARISON_Substitution.md
		GROUP_MAPPING_ANALYSIS.md = GROUP_MAPPING_ANALYSIS.md
		FUNCTION_PLACEMENT_AUDIT_SUMMARY.md = FUNCTION_PLACEMENT_AUDIT_SUMMARY.md
		FUNCTION_PLACEMENT_AUDIT.md = FUNCTION_PLACEMENT_AUDIT.md
	EndProjectSection
EndProject
Project("{2150E333-8FDC-42A3-9474-1A3956D46DE8}") = ".github", ".github", "{57C34814-857F-4D49-9E65-43A2B80B1DB5}"
EndProject
Project("{2150E333-8FDC-42A3-9474-1A3956D46DE8}") = "workflows", "workflows", "{C6907EBC-8C0D-46EF-801E-17A506DE70B6}"
	ProjectSection(SolutionItems) = preProject
		.github\workflows\ci.yml = .github\workflows\ci.yml
		.github\workflows\tag.yml = .github\workflows\tag.yml
		.github\workflows\publish.yml = .github\workflows\publish.yml
	EndProjectSection
EndProject
Project("{2150E333-8FDC-42A3-9474-1A3956D46DE8}") = "scripts", "scripts", "{75818AE1-5829-403C-A468-CEA764E7ED31}"
	ProjectSection(SolutionItems) = preProject
		scripts\tag.sh = scripts\tag.sh
		scripts\extract-notes.sh = scripts\extract-notes.sh
		scripts\coverage.sh = scripts\coverage.sh
		scripts\coverage.ps1 = scripts\coverage.ps1
		scripts\update-changelog.sh = scripts\update-changelog.sh
	EndProjectSection
EndProject
Project("{2150E333-8FDC-42A3-9474-1A3956D46DE8}") = ".claude", ".claude", "{60E583E6-47DD-4B1C-83A5-69EF8FD863CA}"
EndProject
Project("{2150E333-8FDC-42A3-9474-1A3956D46DE8}") = "commands", "commands", "{7BC985E1-E18A-404C-9380-AF78A0FD7A57}"
	ProjectSection(SolutionItems) = preProject
		.claude\commands\changelog.md = .claude\commands\changelog.md
	EndProjectSection
EndProject
Project("{2150E333-8FDC-42A3-9474-1A3956D46DE8}") = "c_headers", "c_headers", "{998AFF9E-6E83-419F-8047-79399EDDAF47}"
	ProjectSection(SolutionItems) = preProject
		c_headers\z3_api_sets.txt = c_headers\z3_api_sets.txt
		c_headers\z3_api_goals.txt = c_headers\z3_api_goals.txt
		c_headers\z3_api_sorts.txt = c_headers\z3_api_sorts.txt
		c_headers\z3_api_arrays.txt = c_headers\z3_api_arrays.txt
		c_headers\z3_api_models.txt = c_headers\z3_api_models.txt
		c_headers\z3_api_solvers.txt = c_headers\z3_api_solvers.txt
		c_headers\z3_api_symbols.txt = c_headers\z3_api_symbols.txt
		c_headers\z3_api_numerals.txt = c_headers\z3_api_numerals.txt
		c_headers\z3_api_accessors.txt = c_headers\z3_api_accessors.txt
		c_headers\z3_api_modifiers.txt = c_headers\z3_api_modifiers.txt
		c_headers\z3_api_parameters.txt = c_headers\z3_api_parameters.txt
		c_headers\z3_api_statistics.txt = c_headers\z3_api_statistics.txt
		c_headers\z3_api_bit_vectors.txt = c_headers\z3_api_bit_vectors.txt
		c_headers\z3_api_quantifiers.txt = c_headers\z3_api_quantifiers.txt
		c_headers\z3_api_miscellaneous.txt = c_headers\z3_api_miscellaneous.txt
		c_headers\z3_api_error_handling.txt = c_headers\z3_api_error_handling.txt
		c_headers\z3_api_parser_interface.txt = c_headers\z3_api_parser_interface.txt
		c_headers\z3_api_global_parameters.txt = c_headers\z3_api_global_parameters.txt
		c_headers\z3_api_special_relations.txt = c_headers\z3_api_special_relations.txt
		c_headers\z3_api_string_conversion.txt = c_headers\z3_api_string_conversion.txt
		c_headers\z3_api_integers_and_reals.txt = c_headers\z3_api_integers_and_reals.txt
		c_headers\z3_api_interaction_logging.txt = c_headers\z3_api_interaction_logging.txt
		c_headers\z3_api_create_configuration.txt = c_headers\z3_api_create_configuration.txt
		c_headers\z3_api_parameter_descriptions.txt = c_headers\z3_api_parameter_descriptions.txt
		c_headers\z3_api_constants_and_applications.txt = c_headers\z3_api_constants_and_applications.txt
		c_headers\z3_api_tactics_simplifiers_and_probes.txt = c_headers\z3_api_tactics_simplifiers_and_probes.txt
		c_headers\z3_api_propositional_logic_and_equality.txt = c_headers\z3_api_propositional_logic_and_equality.txt
		c_headers\z3_api_sequences_and_regular_expressions.txt = c_headers\z3_api_sequences_and_regular_expressions.txt
		c_headers\z3_api_context_and_ast_reference_counting.txt = c_headers\z3_api_context_and_ast_reference_counting.txt
	EndProjectSection
EndProject
Global
	GlobalSection(SolutionConfigurationPlatforms) = preSolution
		Debug|Any CPU = Debug|Any CPU
		Release|Any CPU = Release|Any CPU
	EndGlobalSection
	GlobalSection(ProjectConfigurationPlatforms) = postSolution
		{334CF6BD-C27A-46A4-8B1E-18AFDACA403D}.Debug|Any CPU.ActiveCfg = Debug|Any CPU
		{334CF6BD-C27A-46A4-8B1E-18AFDACA403D}.Debug|Any CPU.Build.0 = Debug|Any CPU
		{334CF6BD-C27A-46A4-8B1E-18AFDACA403D}.Release|Any CPU.ActiveCfg = Release|Any CPU
		{334CF6BD-C27A-46A4-8B1E-18AFDACA403D}.Release|Any CPU.Build.0 = Release|Any CPU
		{E5EA2C22-5273-4D69-9C31-9E4D0881F110}.Debug|Any CPU.ActiveCfg = Debug|Any CPU
		{E5EA2C22-5273-4D69-9C31-9E4D0881F110}.Debug|Any CPU.Build.0 = Debug|Any CPU
		{E5EA2C22-5273-4D69-9C31-9E4D0881F110}.Release|Any CPU.ActiveCfg = Release|Any CPU
		{E5EA2C22-5273-4D69-9C31-9E4D0881F110}.Release|Any CPU.Build.0 = Release|Any CPU
	EndGlobalSection
	GlobalSection(NestedProjects) = preSolution
		{C6907EBC-8C0D-46EF-801E-17A506DE70B6} = {57C34814-857F-4D49-9E65-43A2B80B1DB5}
		{7BC985E1-E18A-404C-9380-AF78A0FD7A57} = {60E583E6-47DD-4B1C-83A5-69EF8FD863CA}
	EndGlobalSection
EndGlobal
